<Solution>
  <Folder Name="/samples/">
    <Project Path="samples/Vercel.AI.Sdk.AspNetCore.Sample/Vercel.AI.Sdk.AspNetCore.Sample.csproj" />
    <Project Path="samples/Vercel.AI.Sdk.Sample/Vercel.AI.Sdk.Sample.csproj" />
  </Folder>
  <Folder Name="/src/">
    <Project Path="src/Vercel.AI.Sdk.Alibaba/Vercel.AI.Sdk.Alibaba.csproj" />
    <Project Path="src/Vercel.AI.Sdk.AmazonBedrock/Vercel.AI.Sdk.AmazonBedrock.csproj" />
    <Project Path="src/Vercel.AI.Sdk.Anthropic/Vercel.AI.Sdk.Anthropic.csproj" />
    <Project Path="src/Vercel.AI.Sdk.AspNetCore/Vercel.AI.Sdk.AspNetCore.csproj" />
    <Project Path="src/Vercel.AI.Sdk.AssemblyAI/Vercel.AI.Sdk.AssemblyAI.csproj" />
    <Project Path="src/Vercel.AI.Sdk.Azure/Vercel.AI.Sdk.Azure.csproj" />
    <Project Path="src/Vercel.AI.Sdk.Baseten/Vercel.AI.Sdk.Baseten.csproj" />
    <Project Path="src/Vercel.AI.Sdk.BlackForestLabs/Vercel.AI.Sdk.BlackForestLabs.csproj" />
    <Project Path="src/Vercel.AI.Sdk.ByteDance/Vercel.AI.Sdk.ByteDance.csproj" />
    <Project Path="src/Vercel.AI.Sdk.Cartesia/Vercel.AI.Sdk.Cartesia.csproj" />
    <Project Path="src/Vercel.AI.Sdk.Cerebras/Vercel.AI.Sdk.Cerebras.csproj" />
    <Project Path="src/Vercel.AI.Sdk.Cohere/Vercel.AI.Sdk.Cohere.csproj" />
    <Project Path="src/Vercel.AI.Sdk.Deepgram/Vercel.AI.Sdk.Deepgram.csproj" />
    <Project Path="src/Vercel.AI.Sdk.DeepInfra/Vercel.AI.Sdk.DeepInfra.csproj" />
    <Project Path="src/Vercel.AI.Sdk.DeepSeek/Vercel.AI.Sdk.DeepSeek.csproj" />
    <Project Path="src/Vercel.AI.Sdk.ElevenLabs/Vercel.AI.Sdk.ElevenLabs.csproj" />
    <Project Path="src/Vercel.AI.Sdk.Fal/Vercel.AI.Sdk.Fal.csproj" />
    <Project Path="src/Vercel.AI.Sdk.Fireworks/Vercel.AI.Sdk.Fireworks.csproj" />
    <Project Path="src/Vercel.AI.Sdk.FishAudio/Vercel.AI.Sdk.FishAudio.csproj" />
    <Project Path="src/Vercel.AI.Sdk.Gateway/Vercel.AI.Sdk.Gateway.csproj" />
    <Project Path="src/Vercel.AI.Sdk.Gladia/Vercel.AI.Sdk.Gladia.csproj" />
    <Project Path="src/Vercel.AI.Sdk.GmiCloud/Vercel.AI.Sdk.GmiCloud.csproj" />
    <Project Path="src/Vercel.AI.Sdk.Google/Vercel.AI.Sdk.Google.csproj" />
    <Project Path="src/Vercel.AI.Sdk.Groq/Vercel.AI.Sdk.Groq.csproj" />
    <Project Path="src/Vercel.AI.Sdk.HuggingFace/Vercel.AI.Sdk.HuggingFace.csproj" />
    <Project Path="src/Vercel.AI.Sdk.Hume/Vercel.AI.Sdk.Hume.csproj" />
    <Project Path="src/Vercel.AI.Sdk.KlingAI/Vercel.AI.Sdk.KlingAI.csproj" />
    <Project Path="src/Vercel.AI.Sdk.Luma/Vercel.AI.Sdk.Luma.csproj" />
    <Project Path="src/Vercel.AI.Sdk.Mcp/Vercel.AI.Sdk.Mcp.csproj" />
    <Project Path="src/Vercel.AI.Sdk.MiniMax/Vercel.AI.Sdk.MiniMax.csproj" />
    <Project Path="src/Vercel.AI.Sdk.Mistral/Vercel.AI.Sdk.Mistral.csproj" />
    <Project Path="src/Vercel.AI.Sdk.Moonshot/Vercel.AI.Sdk.Moonshot.csproj" />
    <Project Path="src/Vercel.AI.Sdk.OpenAI/Vercel.AI.Sdk.OpenAI.csproj" />
    <Project Path="src/Vercel.AI.Sdk.OpenAICompatible/Vercel.AI.Sdk.OpenAICompatible.csproj" />
    <Project Path="src/Vercel.AI.Sdk.OpenResponses/Vercel.AI.Sdk.OpenResponses.csproj" />
    <Project Path="src/Vercel.AI.Sdk.OpenTelemetry/Vercel.AI.Sdk.OpenTelemetry.csproj" />
    <Project Path="src/Vercel.AI.Sdk.Perplexity/Vercel.AI.Sdk.Perplexity.csproj" />
    <Project Path="src/Vercel.AI.Sdk.Prodia/Vercel.AI.Sdk.Prodia.csproj" />
    <Project Path="src/Vercel.AI.Sdk.Provider/Vercel.AI.Sdk.Provider.csproj" />
    <Project Path="src/Vercel.AI.Sdk.ProviderUtils/Vercel.AI.Sdk.ProviderUtils.csproj" />
    <Project Path="src/Vercel.AI.Sdk.QuiverAI/Vercel.AI.Sdk.QuiverAI.csproj" />
    <Project Path="src/Vercel.AI.Sdk.Replicate/Vercel.AI.Sdk.Replicate.csproj" />
    <Project Path="src/Vercel.AI.Sdk.RevAI/Vercel.AI.Sdk.RevAI.csproj" />
    <Project Path="src/Vercel.AI.Sdk.Testing/Vercel.AI.Sdk.Testing.csproj" />
    <Project Path="src/Vercel.AI.Sdk.TogetherAI/Vercel.AI.Sdk.TogetherAI.csproj" />
    <Project Path="src/Vercel.AI.Sdk.Voyage/Vercel.AI.Sdk.Voyage.csproj" />
    <Project Path="src/Vercel.AI.Sdk.Xai/Vercel.AI.Sdk.Xai.csproj" />
    <Project Path="src/Vercel.AI.Sdk.Zai/Vercel.AI.Sdk.Zai.csproj" />
    <Project Path="src/Vercel.AI.Sdk/Vercel.AI.Sdk.csproj" />
  </Folder>
  <Folder Name="/tests/">
    <Project Path="tests/Vercel.AI.Sdk.Tests/Vercel.AI.Sdk.Tests.csproj" />
  </Folder>
</Solution>
