<Solution>
  <Folder Name="/samples/">
    <Project Path="samples/Vercel.AI.AspNetCore.Sample/Vercel.AI.AspNetCore.Sample.csproj" />
    <Project Path="samples/Vercel.AI.Sample/Vercel.AI.Sample.csproj" />
  </Folder>
  <Folder Name="/src/">
    <Project Path="src/Vercel.AI.Alibaba/Vercel.AI.Alibaba.csproj" />
    <Project Path="src/Vercel.AI.AmazonBedrock/Vercel.AI.AmazonBedrock.csproj" />
    <Project Path="src/Vercel.AI.Anthropic/Vercel.AI.Anthropic.csproj" />
    <Project Path="src/Vercel.AI.AspNetCore/Vercel.AI.AspNetCore.csproj" />
    <Project Path="src/Vercel.AI.AssemblyAI/Vercel.AI.AssemblyAI.csproj" />
    <Project Path="src/Vercel.AI.Azure/Vercel.AI.Azure.csproj" />
    <Project Path="src/Vercel.AI.Baseten/Vercel.AI.Baseten.csproj" />
    <Project Path="src/Vercel.AI.BlackForestLabs/Vercel.AI.BlackForestLabs.csproj" />
    <Project Path="src/Vercel.AI.ByteDance/Vercel.AI.ByteDance.csproj" />
    <Project Path="src/Vercel.AI.Cartesia/Vercel.AI.Cartesia.csproj" />
    <Project Path="src/Vercel.AI.Cerebras/Vercel.AI.Cerebras.csproj" />
    <Project Path="src/Vercel.AI.Cohere/Vercel.AI.Cohere.csproj" />
    <Project Path="src/Vercel.AI.Deepgram/Vercel.AI.Deepgram.csproj" />
    <Project Path="src/Vercel.AI.DeepInfra/Vercel.AI.DeepInfra.csproj" />
    <Project Path="src/Vercel.AI.DeepSeek/Vercel.AI.DeepSeek.csproj" />
    <Project Path="src/Vercel.AI.ElevenLabs/Vercel.AI.ElevenLabs.csproj" />
    <Project Path="src/Vercel.AI.Fal/Vercel.AI.Fal.csproj" />
    <Project Path="src/Vercel.AI.Fireworks/Vercel.AI.Fireworks.csproj" />
    <Project Path="src/Vercel.AI.FishAudio/Vercel.AI.FishAudio.csproj" />
    <Project Path="src/Vercel.AI.Gateway/Vercel.AI.Gateway.csproj" />
    <Project Path="src/Vercel.AI.Gladia/Vercel.AI.Gladia.csproj" />
    <Project Path="src/Vercel.AI.GmiCloud/Vercel.AI.GmiCloud.csproj" />
    <Project Path="src/Vercel.AI.Google/Vercel.AI.Google.csproj" />
    <Project Path="src/Vercel.AI.Groq/Vercel.AI.Groq.csproj" />
    <Project Path="src/Vercel.AI.HuggingFace/Vercel.AI.HuggingFace.csproj" />
    <Project Path="src/Vercel.AI.Hume/Vercel.AI.Hume.csproj" />
    <Project Path="src/Vercel.AI.KlingAI/Vercel.AI.KlingAI.csproj" />
    <Project Path="src/Vercel.AI.Luma/Vercel.AI.Luma.csproj" />
    <Project Path="src/Vercel.AI.Mcp/Vercel.AI.Mcp.csproj" />
    <Project Path="src/Vercel.AI.MiniMax/Vercel.AI.MiniMax.csproj" />
    <Project Path="src/Vercel.AI.Mistral/Vercel.AI.Mistral.csproj" />
    <Project Path="src/Vercel.AI.Moonshot/Vercel.AI.Moonshot.csproj" />
    <Project Path="src/Vercel.AI.OpenAI/Vercel.AI.OpenAI.csproj" />
    <Project Path="src/Vercel.AI.OpenAICompatible/Vercel.AI.OpenAICompatible.csproj" />
    <Project Path="src/Vercel.AI.OpenResponses/Vercel.AI.OpenResponses.csproj" />
    <Project Path="src/Vercel.AI.OpenTelemetry/Vercel.AI.OpenTelemetry.csproj" />
    <Project Path="src/Vercel.AI.Perplexity/Vercel.AI.Perplexity.csproj" />
    <Project Path="src/Vercel.AI.Prodia/Vercel.AI.Prodia.csproj" />
    <Project Path="src/Vercel.AI.Provider/Vercel.AI.Provider.csproj" />
    <Project Path="src/Vercel.AI.ProviderUtils/Vercel.AI.ProviderUtils.csproj" />
    <Project Path="src/Vercel.AI.QuiverAI/Vercel.AI.QuiverAI.csproj" />
    <Project Path="src/Vercel.AI.Replicate/Vercel.AI.Replicate.csproj" />
    <Project Path="src/Vercel.AI.RevAI/Vercel.AI.RevAI.csproj" />
    <Project Path="src/Vercel.AI.Testing/Vercel.AI.Testing.csproj" />
    <Project Path="src/Vercel.AI.TogetherAI/Vercel.AI.TogetherAI.csproj" />
    <Project Path="src/Vercel.AI.Voyage/Vercel.AI.Voyage.csproj" />
    <Project Path="src/Vercel.AI.Xai/Vercel.AI.Xai.csproj" />
    <Project Path="src/Vercel.AI.Zai/Vercel.AI.Zai.csproj" />
    <Project Path="src/Vercel.AI/Vercel.AI.csproj" />
  </Folder>
  <Folder Name="/tests/">
    <Project Path="tests/Vercel.AI.Tests/Vercel.AI.Tests.csproj" />
  </Folder>
</Solution>
